
Microsoft Visual Studio Solution File, Format Version 12.00
# Visual Studio Version 17
VisualStudioVersion = 17.10.35122.118
MinimumVisualStudioVersion = 10.0.40219.1
Project("{FAE04EC0-301F-11D3-BF4B-00C04F79EFBC}") = "CarSharp", "CarSharp.csproj", "{D63B0F8A-2813-44A2-BFA4-C389025BBB51}"
EndProject
Global
	GlobalSection(SolutionConfigurationPlatforms) = preSolution
		Debug|Any CPU = Debug|Any CPU
		Release|Any CPU = Release|Any CPU
	EndGlobalSection
	GlobalSection(ProjectConfigurationPlatforms) = postSolution
		{D63B0F8A-2813-44A2-BFA4-C389025BBB51}.Debug|Any CPU.ActiveCfg = Debug|Any CPU
		{D63B0F8A-2813-44A2-BFA4-C389025BBB51}.Debug|Any CPU.Build.0 = Debug|Any CPU
		{D63B0F8A-2813-44A2-BFA4-C389025BBB51}.Release|Any CPU.ActiveCfg = Release|Any CPU
		{D63B0F8A-2813-44A2-BFA4-C389025BBB51}.Release|Any CPU.Build.0 = Release|Any CPU
	EndGlobalSection
	GlobalSection(SolutionProperties) = preSolution
		HideSolutionNode = FALSE
	EndGlobalSection
	GlobalSection(ExtensibilityGlobals) = postSolution
		SolutionGuid = {FDA38E9E-9217-46DD-B699-84173623A8B5}
	EndGlobalSection
EndGlobal
